
Microsoft Visual Studio Solution File, Format Version 12.00
# Visual Studio 2012
Project("{1B19158F-E398-40A6-8E3B-350508E125F1}") = "HAVCCatalogApp", "HAVCCatalogApp.dxjsproj", "{6094F601-9C84-4EE0-94B8-00B6DBB1CA32}"
EndProject
Project("{FAE04EC0-301F-11D3-BF4B-00C04F79EFBC}") = "DataService1", "DataService1\DataService1.csproj", "{97B7D9A1-74EE-4656-A6CE-112A90D05A10}"
EndProject
Global
	GlobalSection(SolutionConfigurationPlatforms) = preSolution
		Debug|Any CPU = Debug|Any CPU
		Debug|x86 = Debug|x86
		Release|Any CPU = Release|Any CPU
		Release|x86 = Release|x86
	EndGlobalSection
	GlobalSection(ProjectConfigurationPlatforms) = postSolution
		{6094F601-9C84-4EE0-94B8-00B6DBB1CA32}.Debug|Any CPU.ActiveCfg = Debug|Any CPU
		{6094F601-9C84-4EE0-94B8-00B6DBB1CA32}.Debug|Any CPU.Build.0 = Debug|Any CPU
		{6094F601-9C84-4EE0-94B8-00B6DBB1CA32}.Debug|x86.ActiveCfg = Debug|Any CPU
		{6094F601-9C84-4EE0-94B8-00B6DBB1CA32}.Release|Any CPU.ActiveCfg = Release|Any CPU
		{6094F601-9C84-4EE0-94B8-00B6DBB1CA32}.Release|Any CPU.Build.0 = Release|Any CPU
		{6094F601-9C84-4EE0-94B8-00B6DBB1CA32}.Release|x86.ActiveCfg = Release|Any CPU
		{97B7D9A1-74EE-4656-A6CE-112A90D05A10}.Debug|Any CPU.ActiveCfg = Debug|Any CPU
		{97B7D9A1-74EE-4656-A6CE-112A90D05A10}.Debug|Any CPU.Build.0 = Debug|Any CPU
		{97B7D9A1-74EE-4656-A6CE-112A90D05A10}.Debug|x86.ActiveCfg = Debug|Any CPU
		{97B7D9A1-74EE-4656-A6CE-112A90D05A10}.Release|Any CPU.ActiveCfg = Release|Any CPU
		{97B7D9A1-74EE-4656-A6CE-112A90D05A10}.Release|Any CPU.Build.0 = Release|Any CPU
		{97B7D9A1-74EE-4656-A6CE-112A90D05A10}.Release|x86.ActiveCfg = Release|Any CPU
	EndGlobalSection
	GlobalSection(SolutionProperties) = preSolution
		HideSolutionNode = FALSE
	EndGlobalSection
EndGlobal
